
Microsoft Visual Studio Solution File, Format Version 12.00
# Visual Studio Version 17
VisualStudioVersion = 17.11.35327.3
MinimumVisualStudioVersion = 10.0.40219.1
Project("{FAE04EC0-301F-11D3-BF4B-00C04F79EFBC}") = "ConsoleApp25", "ConsoleApp25\ConsoleApp25.csproj", "{59A133BF-57F0-41DE-A959-43D50C9BF228}"
EndProject
Global
	GlobalSection(SolutionConfigurationPlatforms) = preSolution
		Debug|Any CPU = Debug|Any CPU
		Release|Any CPU = Release|Any CPU
	EndGlobalSection
	GlobalSection(ProjectConfigurationPlatforms) = postSolution
		{59A133BF-57F0-41DE-A959-43D50C9BF228}.Debug|Any CPU.ActiveCfg = Debug|Any CPU
		{59A133BF-57F0-41DE-A959-43D50C9BF228}.Debug|Any CPU.Build.0 = Debug|Any CPU
		{59A133BF-57F0-41DE-A959-43D50C9BF228}.Release|Any CPU.ActiveCfg = Release|Any CPU
		{59A133BF-57F0-41DE-A959-43D50C9BF228}.Release|Any CPU.Build.0 = Release|Any CPU
	EndGlobalSection
	GlobalSection(SolutionProperties) = preSolution
		HideSolutionNode = FALSE
	EndGlobalSection
	GlobalSection(ExtensibilityGlobals) = postSolution
		SolutionGuid = {829C8D41-B846-4EF8-B50A-D8B8293241C2}
	EndGlobalSection
EndGlobal
